# THIS IS AN AUTOGENERATED FILE. DO NOT EDIT THIS FILE DIRECTLY.
# yarn lockfile v1


"@material/animation@^0.34.0":
  version "0.34.0"
  resolved "https://registry.yarnpkg.com/@material/animation/-/animation-0.34.0.tgz#a99cc9dabf7d0179b4da9a0aaa1575c4d1513823"

"@material/base@^0.35.0":
  version "0.35.0"
  resolved "https://registry.yarnpkg.com/@material/base/-/base-0.35.0.tgz#8640c2da385e8cc393ff56153c5a319f5a7704cb"

"@material/floating-label@^0.36.0":
  version "0.36.0"
  resolved "https://registry.yarnpkg.com/@material/floating-label/-/floating-label-0.36.0.tgz#309f50234f42da0151ad6c0a3d1af7dee9172cd2"
  dependencies:
    "@material/base" "^0.35.0"
    "@material/rtl" "^0.36.0"
    "@material/theme" "^0.35.0"
    "@material/typography" "^0.35.0"

"@material/line-ripple@^0.35.0":
  version "0.35.0"
  resolved "https://registry.yarnpkg.com/@material/line-ripple/-/line-ripple-0.35.0.tgz#5975b3c7150057eabb997a9453d48b2979b6a4ff"
  dependencies:
    "@material/animation" "^0.34.0"
    "@material/base" "^0.35.0"
    "@material/theme" "^0.35.0"

"@material/notched-outline@^0.35.0":
  version "0.35.0"
  resolved "https://registry.yarnpkg.com/@material/notched-outline/-/notched-outline-0.35.0.tgz#df821f007ea84bf6d67859a2b7bcf5c44a248911"
  dependencies:
    "@material/animation" "^0.34.0"
    "@material/base" "^0.35.0"
    "@material/theme" "^0.35.0"

"@material/ripple@^0.37.0":
  version "0.37.0"
  resolved "https://registry.yarnpkg.com/@material/ripple/-/ripple-0.37.0.tgz#180a774c837e6465fe02440877893989402c6d3b"
  dependencies:
    "@material/animation" "^0.34.0"
    "@material/base" "^0.35.0"
    "@material/theme" "^0.35.0"

"@material/rtl@^0.36.0":
  version "0.36.0"
  resolved "https://registry.yarnpkg.com/@material/rtl/-/rtl-0.36.0.tgz#a81b587981dc6e09f51e26da8a7447f89358ccd5"

"@material/textfield@^0.37.0":
  version "0.37.0"
  resolved "https://registry.yarnpkg.com/@material/textfield/-/textfield-0.37.0.tgz#8288d379f81c3f6f09fde384792afd219bfe116c"
  dependencies:
    "@material/animation" "^0.34.0"
    "@material/base" "^0.35.0"
    "@material/floating-label" "^0.36.0"
    "@material/line-ripple" "^0.35.0"
    "@material/notched-outline" "^0.35.0"
    "@material/ripple" "^0.37.0"
    "@material/rtl" "^0.36.0"
    "@material/theme" "^0.35.0"
    "@material/typography" "^0.35.0"

"@material/theme@^0.35.0":
  version "0.35.0"
  resolved "https://registry.yarnpkg.com/@material/theme/-/theme-0.35.0.tgz#a2c76f60b82a53d399b769ef91ec52e83ad3c3bd"

"@material/typography@^0.35.0":
  version "0.35.0"
  resolved "https://registry.yarnpkg.com/@material/typography/-/typography-0.35.0.tgz#23ad7eb7c9789e69c7c3fa54df8fc311cd7fc4b1"
